
Microsoft Visual Studio Solution File, Format Version 12.00
# Visual Studio Version 17
VisualStudioVersion = 17.4.33122.133
MinimumVisualStudioVersion = 10.0.40219.1
Project("{FAE04EC0-301F-11D3-BF4B-00C04F79EFBC}") = "HW4", "HW4\HW4.csproj", "{9B385617-611E-47EF-BF7B-CFB972FBAD62}"
EndProject
Global
	GlobalSection(SolutionConfigurationPlatforms) = preSolution
		Debug|Any CPU = Debug|Any CPU
		Release|Any CPU = Release|Any CPU
	EndGlobalSection
	GlobalSection(ProjectConfigurationPlatforms) = postSolution
		{9B385617-611E-47EF-BF7B-CFB972FBAD62}.Debug|Any CPU.ActiveCfg = Debug|Any CPU
		{9B385617-611E-47EF-BF7B-CFB972FBAD62}.Debug|Any CPU.Build.0 = Debug|Any CPU
		{9B385617-611E-47EF-BF7B-CFB972FBAD62}.Release|Any CPU.ActiveCfg = Release|Any CPU
		{9B385617-611E-47EF-BF7B-CFB972FBAD62}.Release|Any CPU.Build.0 = Release|Any CPU
	EndGlobalSection
	GlobalSection(SolutionProperties) = preSolution
		HideSolutionNode = FALSE
	EndGlobalSection
	GlobalSection(ExtensibilityGlobals) = postSolution
		SolutionGuid = {790679CA-F70F-4AA7-89DF-5BEA2D414551}
	EndGlobalSection
EndGlobal
